
Microsoft Visual Studio Solution File, Format Version 12.00
# Visual Studio Version 17
VisualStudioVersion = 17.8.34511.84
MinimumVisualStudioVersion = 10.0.40219.1
Project("{9A19103F-16F7-4668-BE54-9A1E7A4F7556}") = "ChristopherBriddock.ApiEndpoints", "ChristopherBriddock.ApiEndpoints.csproj", "{A36FA5F6-8A08-4F6F-9F23-5D010CD5C78A}"
EndProject
Project("{FAE04EC0-301F-11D3-BF4B-00C04F79EFBC}") = "ChristopherBriddock.ApiEndpoints.Sample", "..\ChristopherBriddock.ApiEndpoints.Sample\ChristopherBriddock.ApiEndpoints.Sample.csproj", "{031D4C7D-2022-407D-BB49-862ACFD980AA}"
EndProject
Global
	GlobalSection(SolutionConfigurationPlatforms) = preSolution
		Debug|Any CPU = Debug|Any CPU
		Release|Any CPU = Release|Any CPU
	EndGlobalSection
	GlobalSection(ProjectConfigurationPlatforms) = postSolution
		{A36FA5F6-8A08-4F6F-9F23-5D010CD5C78A}.Debug|Any CPU.ActiveCfg = Debug|Any CPU
		{A36FA5F6-8A08-4F6F-9F23-5D010CD5C78A}.Debug|Any CPU.Build.0 = Debug|Any CPU
		{A36FA5F6-8A08-4F6F-9F23-5D010CD5C78A}.Release|Any CPU.ActiveCfg = Release|Any CPU
		{A36FA5F6-8A08-4F6F-9F23-5D010CD5C78A}.Release|Any CPU.Build.0 = Release|Any CPU
		{031D4C7D-2022-407D-BB49-862ACFD980AA}.Debug|Any CPU.ActiveCfg = Debug|Any CPU
		{031D4C7D-2022-407D-BB49-862ACFD980AA}.Debug|Any CPU.Build.0 = Debug|Any CPU
		{031D4C7D-2022-407D-BB49-862ACFD980AA}.Release|Any CPU.ActiveCfg = Release|Any CPU
		{031D4C7D-2022-407D-BB49-862ACFD980AA}.Release|Any CPU.Build.0 = Release|Any CPU
	EndGlobalSection
	GlobalSection(SolutionProperties) = preSolution
		HideSolutionNode = FALSE
	EndGlobalSection
	GlobalSection(ExtensibilityGlobals) = postSolution
		SolutionGuid = {96F448F8-3327-46FD-83D9-53B397492AF3}
	EndGlobalSection
EndGlobal
